
Microsoft Visual Studio Solution File, Format Version 12.00
# Visual Studio Version 16
VisualStudioVersion = 16.0.31424.327
MinimumVisualStudioVersion = 10.0.40219.1
Project("{9A19103F-16F7-4668-BE54-9A1E7A4F7556}") = "AreaCalculator", "AreaCalculator\AreaCalculator.csproj", "{D81A3CB7-437B-4A19-8542-B7FFBCD8217E}"
EndProject
Project("{FAE04EC0-301F-11D3-BF4B-00C04F79EFBC}") = "AreaCalculatorTests", "AreaCalculatorTests\AreaCalculatorTests.csproj", "{DAFA5A6E-A5DB-492E-8BC6-D9BB2F62DA9C}"
EndProject
Global
	GlobalSection(SolutionConfigurationPlatforms) = preSolution
		Debug|Any CPU = Debug|Any CPU
		Release|Any CPU = Release|Any CPU
	EndGlobalSection
	GlobalSection(ProjectConfigurationPlatforms) = postSolution
		{D81A3CB7-437B-4A19-8542-B7FFBCD8217E}.Debug|Any CPU.ActiveCfg = Debug|Any CPU
		{D81A3CB7-437B-4A19-8542-B7FFBCD8217E}.Debug|Any CPU.Build.0 = Debug|Any CPU
		{D81A3CB7-437B-4A19-8542-B7FFBCD8217E}.Release|Any CPU.ActiveCfg = Release|Any CPU
		{D81A3CB7-437B-4A19-8542-B7FFBCD8217E}.Release|Any CPU.Build.0 = Release|Any CPU
		{DAFA5A6E-A5DB-492E-8BC6-D9BB2F62DA9C}.Debug|Any CPU.ActiveCfg = Debug|Any CPU
		{DAFA5A6E-A5DB-492E-8BC6-D9BB2F62DA9C}.Debug|Any CPU.Build.0 = Debug|Any CPU
		{DAFA5A6E-A5DB-492E-8BC6-D9BB2F62DA9C}.Release|Any CPU.ActiveCfg = Release|Any CPU
		{DAFA5A6E-A5DB-492E-8BC6-D9BB2F62DA9C}.Release|Any CPU.Build.0 = Release|Any CPU
	EndGlobalSection
	GlobalSection(SolutionProperties) = preSolution
		HideSolutionNode = FALSE
	EndGlobalSection
	GlobalSection(ExtensibilityGlobals) = postSolution
		SolutionGuid = {A79A1408-24EA-41F1-9E7C-6FA205DBEB78}
	EndGlobalSection
EndGlobal
